
Microsoft Visual Studio Solution File, Format Version 12.00
# Visual Studio Version 17
VisualStudioVersion = 17.9.34622.214
MinimumVisualStudioVersion = 10.0.40219.1
Project("{9A19103F-16F7-4668-BE54-9A1E7A4F7556}") = "FrontEnd", "FrontEnd\FrontEnd.csproj", "{01E7BD09-D379-4D79-A175-B16FE48A4466}"
EndProject
Project("{9A19103F-16F7-4668-BE54-9A1E7A4F7556}") = "BackEnd", "BackEnd\BackEnd.csproj", "{0CA9190B-7EA0-46B1-A9B3-2F188CE193FC}"
EndProject
Project("{E53339B2-1760-4266-BCC7-CA923CBCF16C}") = "docker-compose", "docker-compose.dcproj", "{2AD77A19-6C1C-4FD7-A169-2C5C1D32AF8E}"
EndProject
Project("{2150E333-8FDC-42A3-9474-1A3956D46DE8}") = "components", "components", "{0D5A9BC4-2DFD-49F1-9F2F-FF139AB9699D}"
	ProjectSection(SolutionItems) = preProject
		dapr\components\pubusb.yaml = dapr\components\pubusb.yaml
		dapr\components\statestore.yaml = dapr\components\statestore.yaml
	EndProjectSection
EndProject
Project("{9A19103F-16F7-4668-BE54-9A1E7A4F7556}") = "EventBus", "EventBus\EventBus.csproj", "{1EB41D4F-AAAF-4775-9F96-1D1E65FA4B1B}"
EndProject
Project("{9A19103F-16F7-4668-BE54-9A1E7A4F7556}") = "DaprSubDemo", "DaprSubDemo\DaprSubDemo.csproj", "{4E8A8CB8-2BBC-419B-BC91-7ED7158DE3D0}"
EndProject
Project("{9A19103F-16F7-4668-BE54-9A1E7A4F7556}") = "Identity", "Identity\Identity.csproj", "{D3A58271-7FE0-4899-87C8-CED530BD984E}"
EndProject
Project("{9A19103F-16F7-4668-BE54-9A1E7A4F7556}") = "DaprIdentity", "DaprIdentity\DaprIdentity.csproj", "{9F929840-DBE3-42B9-8736-4C4420B535D9}"
EndProject
Project("{9A19103F-16F7-4668-BE54-9A1E7A4F7556}") = "Yarp.Gateways", "Yarp.ReverseProxy\Yarp.Gateways.csproj", "{90D960D7-ED47-4CC4-9046-164D9B6580C2}"
EndProject
Global
	GlobalSection(SolutionConfigurationPlatforms) = preSolution
		Debug|Any CPU = Debug|Any CPU
		Release|Any CPU = Release|Any CPU
	EndGlobalSection
	GlobalSection(ProjectConfigurationPlatforms) = postSolution
		{01E7BD09-D379-4D79-A175-B16FE48A4466}.Debug|Any CPU.ActiveCfg = Debug|Any CPU
		{01E7BD09-D379-4D79-A175-B16FE48A4466}.Debug|Any CPU.Build.0 = Debug|Any CPU
		{01E7BD09-D379-4D79-A175-B16FE48A4466}.Release|Any CPU.ActiveCfg = Release|Any CPU
		{01E7BD09-D379-4D79-A175-B16FE48A4466}.Release|Any CPU.Build.0 = Release|Any CPU
		{0CA9190B-7EA0-46B1-A9B3-2F188CE193FC}.Debug|Any CPU.ActiveCfg = Debug|Any CPU
		{0CA9190B-7EA0-46B1-A9B3-2F188CE193FC}.Debug|Any CPU.Build.0 = Debug|Any CPU
		{0CA9190B-7EA0-46B1-A9B3-2F188CE193FC}.Release|Any CPU.ActiveCfg = Release|Any CPU
		{0CA9190B-7EA0-46B1-A9B3-2F188CE193FC}.Release|Any CPU.Build.0 = Release|Any CPU
		{2AD77A19-6C1C-4FD7-A169-2C5C1D32AF8E}.Debug|Any CPU.ActiveCfg = Debug|Any CPU
		{2AD77A19-6C1C-4FD7-A169-2C5C1D32AF8E}.Debug|Any CPU.Build.0 = Debug|Any CPU
		{2AD77A19-6C1C-4FD7-A169-2C5C1D32AF8E}.Release|Any CPU.ActiveCfg = Release|Any CPU
		{2AD77A19-6C1C-4FD7-A169-2C5C1D32AF8E}.Release|Any CPU.Build.0 = Release|Any CPU
		{1EB41D4F-AAAF-4775-9F96-1D1E65FA4B1B}.Debug|Any CPU.ActiveCfg = Debug|Any CPU
		{1EB41D4F-AAAF-4775-9F96-1D1E65FA4B1B}.Debug|Any CPU.Build.0 = Debug|Any CPU
		{1EB41D4F-AAAF-4775-9F96-1D1E65FA4B1B}.Release|Any CPU.ActiveCfg = Release|Any CPU
		{1EB41D4F-AAAF-4775-9F96-1D1E65FA4B1B}.Release|Any CPU.Build.0 = Release|Any CPU
		{4E8A8CB8-2BBC-419B-BC91-7ED7158DE3D0}.Debug|Any CPU.ActiveCfg = Debug|Any CPU
		{4E8A8CB8-2BBC-419B-BC91-7ED7158DE3D0}.Debug|Any CPU.Build.0 = Debug|Any CPU
		{4E8A8CB8-2BBC-419B-BC91-7ED7158DE3D0}.Release|Any CPU.ActiveCfg = Release|Any CPU
		{4E8A8CB8-2BBC-419B-BC91-7ED7158DE3D0}.Release|Any CPU.Build.0 = Release|Any CPU
		{D3A58271-7FE0-4899-87C8-CED530BD984E}.Debug|Any CPU.ActiveCfg = Debug|Any CPU
		{D3A58271-7FE0-4899-87C8-CED530BD984E}.Debug|Any CPU.Build.0 = Debug|Any CPU
		{D3A58271-7FE0-4899-87C8-CED530BD984E}.Release|Any CPU.ActiveCfg = Release|Any CPU
		{D3A58271-7FE0-4899-87C8-CED530BD984E}.Release|Any CPU.Build.0 = Release|Any CPU
		{9F929840-DBE3-42B9-8736-4C4420B535D9}.Debug|Any CPU.ActiveCfg = Debug|Any CPU
		{9F929840-DBE3-42B9-8736-4C4420B535D9}.Debug|Any CPU.Build.0 = Debug|Any CPU
		{9F929840-DBE3-42B9-8736-4C4420B535D9}.Release|Any CPU.ActiveCfg = Release|Any CPU
		{9F929840-DBE3-42B9-8736-4C4420B535D9}.Release|Any CPU.Build.0 = Release|Any CPU
		{90D960D7-ED47-4CC4-9046-164D9B6580C2}.Debug|Any CPU.ActiveCfg = Debug|Any CPU
		{90D960D7-ED47-4CC4-9046-164D9B6580C2}.Debug|Any CPU.Build.0 = Debug|Any CPU
		{90D960D7-ED47-4CC4-9046-164D9B6580C2}.Release|Any CPU.ActiveCfg = Release|Any CPU
		{90D960D7-ED47-4CC4-9046-164D9B6580C2}.Release|Any CPU.Build.0 = Release|Any CPU
	EndGlobalSection
	GlobalSection(SolutionProperties) = preSolution
		HideSolutionNode = FALSE
	EndGlobalSection
	GlobalSection(ExtensibilityGlobals) = postSolution
		SolutionGuid = {D4CF57A7-EDA0-4B9F-B896-B2147CBF11E3}
	EndGlobalSection
EndGlobal
