
Microsoft Visual Studio Solution File, Format Version 12.00
# Visual Studio Version 17
VisualStudioVersion = 17.5.002.0
MinimumVisualStudioVersion = 10.0.40219.1
Project("{9A19103F-16F7-4668-BE54-9A1E7A4F7556}") = "Identity", "Identity.csproj", "{CDF41A3D-14C3-41A6-BFBB-413A5FC37E28}"
EndProject
Global
	GlobalSection(SolutionConfigurationPlatforms) = preSolution
		Debug|Any CPU = Debug|Any CPU
		Release|Any CPU = Release|Any CPU
	EndGlobalSection
	GlobalSection(ProjectConfigurationPlatforms) = postSolution
		{CDF41A3D-14C3-41A6-BFBB-413A5FC37E28}.Debug|Any CPU.ActiveCfg = Debug|Any CPU
		{CDF41A3D-14C3-41A6-BFBB-413A5FC37E28}.Debug|Any CPU.Build.0 = Debug|Any CPU
		{CDF41A3D-14C3-41A6-BFBB-413A5FC37E28}.Release|Any CPU.ActiveCfg = Release|Any CPU
		{CDF41A3D-14C3-41A6-BFBB-413A5FC37E28}.Release|Any CPU.Build.0 = Release|Any CPU
	EndGlobalSection
	GlobalSection(SolutionProperties) = preSolution
		HideSolutionNode = FALSE
	EndGlobalSection
	GlobalSection(ExtensibilityGlobals) = postSolution
		SolutionGuid = {139CCDE7-309B-4B78-A25A-A90D8F93A8D7}
	EndGlobalSection
EndGlobal
